
Microsoft Visual Studio Solution File, Format Version 12.00
# Visual Studio Version 17
VisualStudioVersion = 17.8.34330.188
MinimumVisualStudioVersion = 10.0.40219.1
Project("{9A19103F-16F7-4668-BE54-9A1E7A4F7556}") = "MAMEIronXP", "MAMEIronXP.csproj", "{C041ACE1-1588-49CB-B565-8A27909E8FA4}"
EndProject
Project("{2150E333-8FDC-42A3-9474-1A3956D46DE8}") = "Solution Items", "Solution Items", "{40865501-F507-4974-8241-E290AC5518EA}"
	ProjectSection(SolutionItems) = preProject
		.editorconfig = .editorconfig
	EndProjectSection
EndProject
Global
	GlobalSection(SolutionConfigurationPlatforms) = preSolution
		Debug|Any CPU = Debug|Any CPU
		Release|Any CPU = Release|Any CPU
	EndGlobalSection
	GlobalSection(ProjectConfigurationPlatforms) = postSolution
		{C041ACE1-1588-49CB-B565-8A27909E8FA4}.Debug|Any CPU.ActiveCfg = Debug|Any CPU
		{C041ACE1-1588-49CB-B565-8A27909E8FA4}.Debug|Any CPU.Build.0 = Debug|Any CPU
		{C041ACE1-1588-49CB-B565-8A27909E8FA4}.Release|Any CPU.ActiveCfg = Release|Any CPU
		{C041ACE1-1588-49CB-B565-8A27909E8FA4}.Release|Any CPU.Build.0 = Release|Any CPU
	EndGlobalSection
	GlobalSection(SolutionProperties) = preSolution
		HideSolutionNode = FALSE
	EndGlobalSection
	GlobalSection(ExtensibilityGlobals) = postSolution
		SolutionGuid = {67D3CB9B-DF93-4D8C-B3CB-D0E0017A29E7}
	EndGlobalSection
EndGlobal
